// !$*UTF8*$!
{
	archiveVersion = 1;
	classes = {
	};
	objectVersion = 55;
	objects = {

/* Begin PBXBuildFile section */
		9E28220128389BF300D59260 /* Home.swift in Sources */ = {isa = PBXBuildFile; fileRef = 9E28220028389BF300D59260 /* Home.swift */; };
		9E2822032838A4B400D59260 /* SanPham.swift in Sources */ = {isa = PBXBuildFile; fileRef = 9E2822022838A4B400D59260 /* SanPham.swift */; };
		9E2822052838A70B00D59260 /* TabButton.swift in Sources */ = {isa = PBXBuildFile; fileRef = 9E2822042838A70B00D59260 /* TabButton.swift */; };
		9E2822072838E0C600D59260 /* SanPhamView.swift in Sources */ = {isa = PBXBuildFile; fileRef = 9E2822062838E0C600D59260 /* SanPhamView.swift */; };
		9E28220A2838F19900D59260 /* NewArrivalsViewModel.swift in Sources */ = {isa = PBXBuildFile; fileRef = 9E2822092838F19900D59260 /* NewArrivalsViewModel.swift */; };
		9E28220C2838F25000D59260 /* NewArrivalsView.swift in Sources */ = {isa = PBXBuildFile; fileRef = 9E28220B2838F25000D59260 /* NewArrivalsView.swift */; };
		9E704852283D1B43002B6A29 /* TopsView.swift in Sources */ = {isa = PBXBuildFile; fileRef = 9E704851283D1B43002B6A29 /* TopsView.swift */; };
		9E704854283D1B69002B6A29 /* OuterwearsView.swift in Sources */ = {isa = PBXBuildFile; fileRef = 9E704853283D1B69002B6A29 /* OuterwearsView.swift */; };
		9E704856283D1B7B002B6A29 /* BottomsView.swift in Sources */ = {isa = PBXBuildFile; fileRef = 9E704855283D1B7B002B6A29 /* BottomsView.swift */; };
		9E704858283D1BAB002B6A29 /* SizeChartView.swift in Sources */ = {isa = PBXBuildFile; fileRef = 9E704857283D1BAB002B6A29 /* SizeChartView.swift */; };
		9E92B9B328364ADB00FC4175 /* MyShopApp.swift in Sources */ = {isa = PBXBuildFile; fileRef = 9E92B9B228364ADB00FC4175 /* MyShopApp.swift */; };
		9E92B9B528364ADB00FC4175 /* ContentView.swift in Sources */ = {isa = PBXBuildFile; fileRef = 9E92B9B428364ADB00FC4175 /* ContentView.swift */; };
		9E92B9B728364ADC00FC4175 /* Assets.xcassets in Resources */ = {isa = PBXBuildFile; fileRef = 9E92B9B628364ADC00FC4175 /* Assets.xcassets */; };
		9E92B9BA28364ADC00FC4175 /* Preview Assets.xcassets in Resources */ = {isa = PBXBuildFile; fileRef = 9E92B9B928364ADC00FC4175 /* Preview Assets.xcassets */; };
/* End PBXBuildFile section */

/* Begin PBXFileReference section */
		9E28220028389BF300D59260 /* Home.swift */ = {isa = PBXFileReference; lastKnownFileType = sourcecode.swift; path = Home.swift; sourceTree = "<group>"; };
		9E2822022838A4B400D59260 /* SanPham.swift */ = {isa = PBXFileReference; lastKnownFileType = sourcecode.swift; path = SanPham.swift; sourceTree = "<group>"; };
		9E2822042838A70B00D59260 /* TabButton.swift */ = {isa = PBXFileReference; lastKnownFileType = sourcecode.swift; path = TabButton.swift; sourceTree = "<group>"; };
		9E2822062838E0C600D59260 /* SanPhamView.swift */ = {isa = PBXFileReference; lastKnownFileType = sourcecode.swift; path = SanPhamView.swift; sourceTree = "<group>"; };
		9E2822092838F19900D59260 /* NewArrivalsViewModel.swift */ = {isa = PBXFileReference; lastKnownFileType = sourcecode.swift; path = NewArrivalsViewModel.swift; sourceTree = "<group>"; };
		9E28220B2838F25000D59260 /* NewArrivalsView.swift */ = {isa = PBXFileReference; lastKnownFileType = sourcecode.swift; path = NewArrivalsView.swift; sourceTree = "<group>"; };
		9E704851283D1B43002B6A29 /* TopsView.swift */ = {isa = PBXFileReference; lastKnownFileType = sourcecode.swift; path = TopsView.swift; sourceTree = "<group>"; };
		9E704853283D1B69002B6A29 /* OuterwearsView.swift */ = {isa = PBXFileReference; lastKnownFileType = sourcecode.swift; path = OuterwearsView.swift; sourceTree = "<group>"; };
		9E704855283D1B7B002B6A29 /* BottomsView.swift */ = {isa = PBXFileReference; lastKnownFileType = sourcecode.swift; path = BottomsView.swift; sourceTree = "<group>"; };
		9E704857283D1BAB002B6A29 /* SizeChartView.swift */ = {isa = PBXFileReference; lastKnownFileType = sourcecode.swift; path = SizeChartView.swift; sourceTree = "<group>"; };
		9E92B9AF28364ADB00FC4175 /* MyShop.app */ = {isa = PBXFileReference; explicitFileType = wrapper.application; includeInIndex = 0; path = MyShop.app; sourceTree = BUILT_PRODUCTS_DIR; };
		9E92B9B228364ADB00FC4175 /* MyShopApp.swift */ = {isa = PBXFileReference; lastKnownFileType = sourcecode.swift; path = MyShopApp.swift; sourceTree = "<group>"; };
		9E92B9B428364ADB00FC4175 /* ContentView.swift */ = {isa = PBXFileReference; lastKnownFileType = sourcecode.swift; path = ContentView.swift; sourceTree = "<group>"; };
		9E92B9B628364ADC00FC4175 /* Assets.xcassets */ = {isa = PBXFileReference; lastKnownFileType = folder.assetcatalog; path = Assets.xcassets; sourceTree = "<group>"; };
		9E92B9B928364ADC00FC4175 /* Preview Assets.xcassets */ = {isa = PBXFileReference; lastKnownFileType = folder.assetcatalog; path = "Preview Assets.xcassets"; sourceTree = "<group>"; };
/* End PBXFileReference section */

/* Begin PBXFrameworksBuildPhase section */
		9E92B9AC28364ADB00FC4175 /* Frameworks */ = {
			isa = PBXFrameworksBuildPhase;
			buildActionMask = 2147483647;
			files = (
			);
			runOnlyForDeploymentPostprocessing = 0;
		};
/* End PBXFrameworksBuildPhase section */

/* Begin PBXGroup section */
		9E2822082838F15600D59260 /* ViewModel */ = {
			isa = PBXGroup;
			children = (
				9E2822092838F19900D59260 /* NewArrivalsViewModel.swift */,
			);
			path = ViewModel;
			sourceTree = "<group>";
		};
		9E704850283D1B22002B6A29 /* ViewInTabButton */ = {
			isa = PBXGroup;
			children = (
				9E28220B2838F25000D59260 /* NewArrivalsView.swift */,
				9E704851283D1B43002B6A29 /* TopsView.swift */,
				9E704853283D1B69002B6A29 /* OuterwearsView.swift */,
				9E704855283D1B7B002B6A29 /* BottomsView.swift */,
				9E704857283D1BAB002B6A29 /* SizeChartView.swift */,
			);
			path = ViewInTabButton;
			sourceTree = "<group>";
		};
		9E92B9A628364ADB00FC4175 = {
			isa = PBXGroup;
			children = (
				9E92B9B128364ADB00FC4175 /* MyShop */,
				9E92B9B028364ADB00FC4175 /* Products */,
			);
			sourceTree = "<group>";
		};
		9E92B9B028364ADB00FC4175 /* Products */ = {
			isa = PBXGroup;
			children = (
				9E92B9AF28364ADB00FC4175 /* MyShop.app */,
			);
			name = Products;
			sourceTree = "<group>";
		};
		9E92B9B128364ADB00FC4175 /* MyShop */ = {
			isa = PBXGroup;
			children = (
				9E2822082838F15600D59260 /* ViewModel */,
				9E92B9C128364B3100FC4175 /* Model */,
				9E92B9C028364B2A00FC4175 /* Views */,
				9E92B9B228364ADB00FC4175 /* MyShopApp.swift */,
				9E92B9B428364ADB00FC4175 /* ContentView.swift */,
				9E92B9B628364ADC00FC4175 /* Assets.xcassets */,
				9E92B9B828364ADC00FC4175 /* Preview Content */,
			);
			path = MyShop;
			sourceTree = "<group>";
		};
		9E92B9B828364ADC00FC4175 /* Preview Content */ = {
			isa = PBXGroup;
			children = (
				9E92B9B928364ADC00FC4175 /* Preview Assets.xcassets */,
			);
			path = "Preview Content";
			sourceTree = "<group>";
		};
		9E92B9C028364B2A00FC4175 /* Views */ = {
			isa = PBXGroup;
			children = (
				9E704850283D1B22002B6A29 /* ViewInTabButton */,
				9E28220028389BF300D59260 /* Home.swift */,
				9E2822042838A70B00D59260 /* TabButton.swift */,
				9E2822062838E0C600D59260 /* SanPhamView.swift */,
			);
			path = Views;
			sourceTree = "<group>";
		};
		9E92B9C128364B3100FC4175 /* Model */ = {
			isa = PBXGroup;
			children = (
				9E2822022838A4B400D59260 /* SanPham.swift */,
			);
			path = Model;
			sourceTree = "<group>";
		};
/* End PBXGroup section */

/* Begin PBXNativeTarget section */
		9E92B9AE28364ADB00FC4175 /* MyShop */ = {
			isa = PBXNativeTarget;
			buildConfigurationList = 9E92B9BD28364ADC00FC4175 /* Build configuration list for PBXNativeTarget "MyShop" */;
			buildPhases = (
				9E92B9AB28364ADB00FC4175 /* Sources */,
				9E92B9AC28364ADB00FC4175 /* Frameworks */,
				9E92B9AD28364ADB00FC4175 /* Resources */,
			);
			buildRules = (
			);
			dependencies = (
			);
			name = MyShop;
			productName = MyShop;
			productReference = 9E92B9AF28364ADB00FC4175 /* MyShop.app */;
			productType = "com.apple.product-type.application";
		};
/* End PBXNativeTarget section */

/* Begin PBXProject section */
		9E92B9A728364ADB00FC4175 /* Project object */ = {
			isa = PBXProject;
			attributes = {
				BuildIndependentTargetsInParallel = 1;
				LastSwiftUpdateCheck = 1330;
				LastUpgradeCheck = 1330;
				TargetAttributes = {
					9E92B9AE28364ADB00FC4175 = {
						CreatedOnToolsVersion = 13.3.1;
					};
				};
			};
			buildConfigurationList = 9E92B9AA28364ADB00FC4175 /* Build configuration list for PBXProject "MyShop" */;
			compatibilityVersion = "Xcode 13.0";
			developmentRegion = en;
			hasScannedForEncodings = 0;
			knownRegions = (
				en,
				Base,
			);
			mainGroup = 9E92B9A628364ADB00FC4175;
			productRefGroup = 9E92B9B028364ADB00FC4175 /* Products */;
			projectDirPath = "";
			projectRoot = "";
			targets = (
				9E92B9AE28364ADB00FC4175 /* MyShop */,
			);
		};
/* End PBXProject section */

/* Begin PBXResourcesBuildPhase section */
		9E92B9AD28364ADB00FC4175 /* Resources */ = {
			isa = PBXResourcesBuildPhase;
			buildActionMask = 2147483647;
			files = (
				9E92B9BA28364ADC00FC4175 /* Preview Assets.xcassets in Resources */,
				9E92B9B728364ADC00FC4175 /* Assets.xcassets in Resources */,
			);
			runOnlyForDeploymentPostprocessing = 0;
		};
/* End PBXResourcesBuildPhase section */

/* Begin PBXSourcesBuildPhase section */
		9E92B9AB28364ADB00FC4175 /* Sources */ = {
			isa = PBXSourcesBuildPhase;
			buildActionMask = 2147483647;
			files = (
				9E704852283D1B43002B6A29 /* TopsView.swift in Sources */,
				9E2822032838A4B400D59260 /* SanPham.swift in Sources */,
				9E28220C2838F25000D59260 /* NewArrivalsView.swift in Sources */,
				9E92B9B528364ADB00FC4175 /* ContentView.swift in Sources */,
				9E28220128389BF300D59260 /* Home.swift in Sources */,
				9E2822052838A70B00D59260 /* TabButton.swift in Sources */,
				9E704858283D1BAB002B6A29 /* SizeChartView.swift in Sources */,
				9E28220A2838F19900D59260 /* NewArrivalsViewModel.swift in Sources */,
				9E704856283D1B7B002B6A29 /* BottomsView.swift in Sources */,
				9E92B9B328364ADB00FC4175 /* MyShopApp.swift in Sources */,
				9E704854283D1B69002B6A29 /* OuterwearsView.swift in Sources */,
				9E2822072838E0C600D59260 /* SanPhamView.swift in Sources */,
			);
			runOnlyForDeploymentPostprocessing = 0;
		};
/* End PBXSourcesBuildPhase section */

/* Begin XCBuildConfiguration section */
		9E92B9BB28364ADC00FC4175 /* Debug */ = {
			isa = XCBuildConfiguration;
			buildSettings = {
				ALWAYS_SEARCH_USER_PATHS = NO;
				CLANG_ANALYZER_NONNULL = YES;
				CLANG_ANALYZER_NUMBER_OBJECT_CONVERSION = YES_AGGRESSIVE;
				CLANG_CXX_LANGUAGE_STANDARD = "gnu++17";
				CLANG_ENABLE_MODULES = YES;
				CLANG_ENABLE_OBJC_ARC = YES;
				CLANG_ENABLE_OBJC_WEAK = YES;
				CLANG_WARN_BLOCK_CAPTURE_AUTORELEASING = YES;
				CLANG_WARN_BOOL_CONVERSION = YES;
				CLANG_WARN_COMMA = YES;
				CLANG_WARN_CONSTANT_CONVERSION = YES;
				CLANG_WARN_DEPRECATED_OBJC_IMPLEMENTATIONS = YES;
				CLANG_WARN_DIRECT_OBJC_ISA_USAGE = YES_ERROR;
				CLANG_WARN_DOCUMENTATION_COMMENTS = YES;
				CLANG_WARN_EMPTY_BODY = YES;
				CLANG_WARN_ENUM_CONVERSION = YES;
				CLANG_WARN_INFINITE_RECURSION = YES;
				CLANG_WARN_INT_CONVERSION = YES;
				CLANG_WARN_NON_LITERAL_NULL_CONVERSION = YES;
				CLANG_WARN_OBJC_IMPLICIT_RETAIN_SELF = YES;
				CLANG_WARN_OBJC_LITERAL_CONVERSION = YES;
				CLANG_WARN_OBJC_ROOT_CLASS = YES_ERROR;
				CLANG_WARN_QUOTED_INCLUDE_IN_FRAMEWORK_HEADER = YES;
				CLANG_WARN_RANGE_LOOP_ANALYSIS = YES;
				CLANG_WARN_STRICT_PROTOTYPES = YES;
				CLANG_WARN_SUSPICIOUS_MOVE = YES;
				CLANG_WARN_UNGUARDED_AVAILABILITY = YES_AGGRESSIVE;
				CLANG_WARN_UNREACHABLE_CODE = YES;
				CLANG_WARN__DUPLICATE_METHOD_MATCH = YES;
				COPY_PHASE_STRIP = NO;
				DEBUG_INFORMATION_FORMAT = dwarf;
				ENABLE_STRICT_OBJC_MSGSEND = YES;
				ENABLE_TESTABILITY = YES;
				GCC_C_LANGUAGE_STANDARD = gnu11;
				GCC_DYNAMIC_NO_PIC = NO;
				GCC_NO_COMMON_BLOCKS = YES;
				GCC_OPTIMIZATION_LEVEL = 0;
				GCC_PREPROCESSOR_DEFINITIONS = (
					"DEBUG=1",
					"$(inherited)",
				);
				GCC_WARN_64_TO_32_BIT_CONVERSION = YES;
				GCC_WARN_ABOUT_RETURN_TYPE = YES_ERROR;
				GCC_WARN_UNDECLARED_SELECTOR = YES;
				GCC_WARN_UNINITIALIZED_AUTOS = YES_AGGRESSIVE;
				GCC_WARN_UNUSED_FUNCTION = YES;
				GCC_WARN_UNUSED_VARIABLE = YES;
				IPHONEOS_DEPLOYMENT_TARGET = 15.4;
				MTL_ENABLE_DEBUG_INFO = INCLUDE_SOURCE;
				MTL_FAST_MATH = YES;
				ONLY_ACTIVE_ARCH = YES;
				SDKROOT = iphoneos;
				SWIFT_ACTIVE_COMPILATION_CONDITIONS = DEBUG;
				SWIFT_OPTIMIZATION_LEVEL = "-Onone";
			};
			name = Debug;
		};
		9E92B9BC28364ADC00FC4175 /* Release */ = {
			isa = XCBuildConfiguration;
			buildSettings = {
				ALWAYS_SEARCH_USER_PATHS = NO;
				CLANG_ANALYZER_NONNULL = YES;
				CLANG_ANALYZER_NUMBER_OBJECT_CONVERSION = YES_AGGRESSIVE;
				CLANG_CXX_LANGUAGE_STANDARD = "gnu++17";
				CLANG_ENABLE_MODULES = YES;
				CLANG_ENABLE_OBJC_ARC = YES;
				CLANG_ENABLE_OBJC_WEAK = YES;
				CLANG_WARN_BLOCK_CAPTURE_AUTORELEASING = YES;
				CLANG_WARN_BOOL_CONVERSION = YES;
				CLANG_WARN_COMMA = YES;
				CLANG_WARN_CONSTANT_CONVERSION = YES;
				CLANG_WARN_DEPRECATED_OBJC_IMPLEMENTATIONS = YES;
				CLANG_WARN_DIRECT_OBJC_ISA_USAGE = YES_ERROR;
				CLANG_WARN_DOCUMENTATION_COMMENTS = YES;
				CLANG_WARN_EMPTY_BODY = YES;
				CLANG_WARN_ENUM_CONVERSION = YES;
				CLANG_WARN_INFINITE_RECURSION = YES;
				CLANG_WARN_INT_CONVERSION = YES;
				CLANG_WARN_NON_LITERAL_NULL_CONVERSION = YES;
				CLANG_WARN_OBJC_IMPLICIT_RETAIN_SELF = YES;
				CLANG_WARN_OBJC_LITERAL_CONVERSION = YES;
				CLANG_WARN_OBJC_ROOT_CLASS = YES_ERROR;
				CLANG_WARN_QUOTED_INCLUDE_IN_FRAMEWORK_HEADER = YES;
				CLANG_WARN_RANGE_LOOP_ANALYSIS = YES;
				CLANG_WARN_STRICT_PROTOTYPES = YES;
				CLANG_WARN_SUSPICIOUS_MOVE = YES;
				CLANG_WARN_UNGUARDED_AVAILABILITY = YES_AGGRESSIVE;
				CLANG_WARN_UNREACHABLE_CODE = YES;
				CLANG_WARN__DUPLICATE_METHOD_MATCH = YES;
				COPY_PHASE_STRIP = NO;
				DEBUG_INFORMATION_FORMAT = "dwarf-with-dsym";
				ENABLE_NS_ASSERTIONS = NO;
				ENABLE_STRICT_OBJC_MSGSEND = YES;
				GCC_C_LANGUAGE_STANDARD = gnu11;
				GCC_NO_COMMON_BLOCKS = YES;
				GCC_WARN_64_TO_32_BIT_CONVERSION = YES;
				GCC_WARN_ABOUT_RETURN_TYPE = YES_ERROR;
				GCC_WARN_UNDECLARED_SELECTOR = YES;
				GCC_WARN_UNINITIALIZED_AUTOS = YES_AGGRESSIVE;
				GCC_WARN_UNUSED_FUNCTION = YES;
				GCC_WARN_UNUSED_VARIABLE = YES;
				IPHONEOS_DEPLOYMENT_TARGET = 15.4;
				MTL_ENABLE_DEBUG_INFO = NO;
				MTL_FAST_MATH = YES;
				SDKROOT = iphoneos;
				SWIFT_COMPILATION_MODE = wholemodule;
				SWIFT_OPTIMIZATION_LEVEL = "-O";
				VALIDATE_PRODUCT = YES;
			};
			name = Release;
		};
		9E92B9BE28364ADC00FC4175 /* Debug */ = {
			isa = XCBuildConfiguration;
			buildSettings = {
				ASSETCATALOG_COMPILER_APPICON_NAME = AppIcon;
				ASSETCATALOG_COMPILER_GLOBAL_ACCENT_COLOR_NAME = AccentColor;
				CODE_SIGN_STYLE = Automatic;
				CURRENT_PROJECT_VERSION = 1;
				DEVELOPMENT_ASSET_PATHS = "\"MyShop/Preview Content\"";
				DEVELOPMENT_TEAM = 7A2LMTM6Y3;
				ENABLE_PREVIEWS = YES;
				GENERATE_INFOPLIST_FILE = YES;
				INFOPLIST_KEY_UIApplicationSceneManifest_Generation = YES;
				INFOPLIST_KEY_UIApplicationSupportsIndirectInputEvents = YES;
				INFOPLIST_KEY_UILaunchScreen_Generation = YES;
				INFOPLIST_KEY_UISupportedInterfaceOrientations_iPad = "UIInterfaceOrientationPortrait UIInterfaceOrientationPortraitUpsideDown UIInterfaceOrientationLandscapeLeft UIInterfaceOrientationLandscapeRight";
				INFOPLIST_KEY_UISupportedInterfaceOrientations_iPhone = "UIInterfaceOrientationPortrait UIInterfaceOrientationLandscapeLeft UIInterfaceOrientationLandscapeRight";
				LD_RUNPATH_SEARCH_PATHS = (
					"$(inherited)",
					"@executable_path/Frameworks",
				);
				MARKETING_VERSION = 1.0;
				PRODUCT_BUNDLE_IDENTIFIER = tuan.MyShop;
				PRODUCT_NAME = "$(TARGET_NAME)";
				SWIFT_EMIT_LOC_STRINGS = YES;
				SWIFT_VERSION = 5.0;
				TARGETED_DEVICE_FAMILY = "1,2";
			};
			name = Debug;
		};
		9E92B9BF28364ADC00FC4175 /* Release */ = {
			isa = XCBuildConfiguration;
			buildSettings = {
				ASSETCATALOG_COMPILER_APPICON_NAME = AppIcon;
				ASSETCATALOG_COMPILER_GLOBAL_ACCENT_COLOR_NAME = AccentColor;
				CODE_SIGN_STYLE = Automatic;
				CURRENT_PROJECT_VERSION = 1;
				DEVELOPMENT_ASSET_PATHS = "\"MyShop/Preview Content\"";
				DEVELOPMENT_TEAM = 7A2LMTM6Y3;
				ENABLE_PREVIEWS = YES;
				GENERATE_INFOPLIST_FILE = YES;
				INFOPLIST_KEY_UIApplicationSceneManifest_Generation = YES;
				INFOPLIST_KEY_UIApplicationSupportsIndirectInputEvents = YES;
				INFOPLIST_KEY_UILaunchScreen_Generation = YES;
				INFOPLIST_KEY_UISupportedInterfaceOrientations_iPad = "UIInterfaceOrientationPortrait UIInterfaceOrientationPortraitUpsideDown UIInterfaceOrientationLandscapeLeft UIInterfaceOrientationLandscapeRight";
				INFOPLIST_KEY_UISupportedInterfaceOrientations_iPhone = "UIInterfaceOrientationPortrait UIInterfaceOrientationLandscapeLeft UIInterfaceOrientationLandscapeRight";
				LD_RUNPATH_SEARCH_PATHS = (
					"$(inherited)",
					"@executable_path/Frameworks",
				);
				MARKETING_VERSION = 1.0;
				PRODUCT_BUNDLE_IDENTIFIER = tuan.MyShop;
				PRODUCT_NAME = "$(TARGET_NAME)";
				SWIFT_EMIT_LOC_STRINGS = YES;
				SWIFT_VERSION = 5.0;
				TARGETED_DEVICE_FAMILY = "1,2";
			};
			name = Release;
		};
/* End XCBuildConfiguration section */

/* Begin XCConfigurationList section */
		9E92B9AA28364ADB00FC4175 /* Build configuration list for PBXProject "MyShop" */ = {
			isa = XCConfigurationList;
			buildConfigurations = (
				9E92B9BB28364ADC00FC4175 /* Debug */,
				9E92B9BC28364ADC00FC4175 /* Release */,
			);
			defaultConfigurationIsVisible = 0;
			defaultConfigurationName = Release;
		};
		9E92B9BD28364ADC00FC4175 /* Build configuration list for PBXNativeTarget "MyShop" */ = {
			isa = XCConfigurationList;
			buildConfigurations = (
				9E92B9BE28364ADC00FC4175 /* Debug */,
				9E92B9BF28364ADC00FC4175 /* Release */,
			);
			defaultConfigurationIsVisible = 0;
			defaultConfigurationName = Release;
		};
/* End XCConfigurationList section */
	};
	rootObject = 9E92B9A728364ADB00FC4175 /* Project object */;
}
